
Microsoft Visual Studio Solution File, Format Version 12.00
# Visual Studio Version 16
VisualStudioVersion = 16.0.29418.71
MinimumVisualStudioVersion = 10.0.40219.1
Project("{9A19103F-16F7-4668-BE54-9A1E7A4F7556}") = "Penguin.Cms.Modules.Communication", "Penguin.Cms.Modules.Communication.csproj", "{961B9FF6-247D-431A-B4FA-0618E5786D36}"
EndProject
Global
	GlobalSection(SolutionConfigurationPlatforms) = preSolution
		Debug|Any CPU = Debug|Any CPU
		Release|Any CPU = Release|Any CPU
	EndGlobalSection
	GlobalSection(ProjectConfigurationPlatforms) = postSolution
		{961B9FF6-247D-431A-B4FA-0618E5786D36}.Debug|Any CPU.ActiveCfg = Debug|Any CPU
		{961B9FF6-247D-431A-B4FA-0618E5786D36}.Debug|Any CPU.Build.0 = Debug|Any CPU
		{961B9FF6-247D-431A-B4FA-0618E5786D36}.Release|Any CPU.ActiveCfg = Release|Any CPU
		{961B9FF6-247D-431A-B4FA-0618E5786D36}.Release|Any CPU.Build.0 = Release|Any CPU
	EndGlobalSection
	GlobalSection(SolutionProperties) = preSolution
		HideSolutionNode = FALSE
	EndGlobalSection
	GlobalSection(ExtensibilityGlobals) = postSolution
		SolutionGuid = {D8C2B26A-5BFF-4527-BF79-CFA93392E955}
	EndGlobalSection
EndGlobal
