
Microsoft Visual Studio Solution File, Format Version 12.00
# Visual Studio 15
VisualStudioVersion = 15.0.26124.0
MinimumVisualStudioVersion = 15.0.26124.0
Project("{FAE04EC0-301F-11D3-BF4B-00C04F79EFBC}") = "Penguin.Cms.Modules.Communication.Local", "Penguin.Cms.Modules.Communication.Local.csproj", "{C6662FF8-5698-4242-9875-94F3A67972CE}"
EndProject
Project("{FAE04EC0-301F-11D3-BF4B-00C04F79EFBC}") = "Penguin.Cms.Communication.Repositories.Local", "..\Penguin.Cms.Communication.Repositories\Penguin.Cms.Communication.Repositories.Local.csproj", "{ABC88E13-A415-41F8-A8CD-C48B3AE129AE}"
EndProject
Project("{FAE04EC0-301F-11D3-BF4B-00C04F79EFBC}") = "Penguin.Cms.Communication.Local", "..\Penguin.Cms.Communication\Penguin.Cms.Communication.Local.csproj", "{A573FDF9-AA29-45A5-885E-331133C91DF7}"
EndProject
Project("{FAE04EC0-301F-11D3-BF4B-00C04F79EFBC}") = "Penguin.Cms.Entities.Local", "..\Penguin.Cms.Entities\Penguin.Cms.Entities.Local.csproj", "{163F33DB-9BFE-461E-A8BD-34D5B14B503D}"
EndProject
Project("{FAE04EC0-301F-11D3-BF4B-00C04F79EFBC}") = "Penguin.Persistence.Abstractions.Local", "..\Penguin.Persistence.Abstractions\Penguin.Persistence.Abstractions.Local.csproj", "{56508276-4F0F-4915-88BB-3A1CFA3B0BD9}"
EndProject
Project("{FAE04EC0-301F-11D3-BF4B-00C04F79EFBC}") = "Penguin.Entities.Abstractions.Local", "..\Penguin.Entities.Abstractions\Penguin.Entities.Abstractions.Local.csproj", "{77A0FA41-CF4D-47F0-A1FC-D66419B0AB8F}"
EndProject
Project("{FAE04EC0-301F-11D3-BF4B-00C04F79EFBC}") = "Penguin.Reflection.Extensions.Local", "..\Penguin.Reflection.Extensions\Penguin.Reflection.Extensions.Local.csproj", "{0FD73EF7-81CA-4076-9497-1A6B6F17A588}"
EndProject
Project("{FAE04EC0-301F-11D3-BF4B-00C04F79EFBC}") = "Penguin.Extensions.String.Local", "..\Penguin.Extensions.String\Penguin.Extensions.String.Local.csproj", "{427BD0BA-29A8-4E8E-B82A-56B08B062E67}"
EndProject
Project("{FAE04EC0-301F-11D3-BF4B-00C04F79EFBC}") = "Penguin.Reflection.Abstractions.Local", "..\Penguin.Reflection.Abstractions\Penguin.Reflection.Abstractions.Local.csproj", "{73935533-55D9-491A-8083-B731883B76BA}"
EndProject
Project("{FAE04EC0-301F-11D3-BF4B-00C04F79EFBC}") = "Penguin.Cms.Repositories.Local", "..\Penguin.Cms.Repositories\Penguin.Cms.Repositories.Local.csproj", "{74153D96-E083-4B15-8344-49878A59A762}"
EndProject
Project("{FAE04EC0-301F-11D3-BF4B-00C04F79EFBC}") = "Penguin.Messaging.Core.Local", "..\Penguin.Messaging.Core\Penguin.Messaging.Core.Local.csproj", "{0905CF70-8642-4362-B7CD-B0352015BC22}"
EndProject
Project("{FAE04EC0-301F-11D3-BF4B-00C04F79EFBC}") = "Penguin.Debugging.Local", "..\Penguin.Debugging\Penguin.Debugging.Local.csproj", "{572B8485-022D-4D35-B0C4-DCA8DB65CBCE}"
EndProject
Project("{FAE04EC0-301F-11D3-BF4B-00C04F79EFBC}") = "Penguin.Extensions.Exceptions.Local", "..\Penguin.Extensions.Exceptions\Penguin.Extensions.Exceptions.Local.csproj", "{6707FBA7-811B-437C-9D3F-A7692A4C07D5}"
EndProject
Project("{FAE04EC0-301F-11D3-BF4B-00C04F79EFBC}") = "Penguin.Messaging.Abstractions.Local", "..\Penguin.Messaging.Abstractions\Penguin.Messaging.Abstractions.Local.csproj", "{F24AEF53-5C82-43E7-BDCA-F392B063024A}"
EndProject
Project("{FAE04EC0-301F-11D3-BF4B-00C04F79EFBC}") = "Penguin.Persistence.Repositories.Local", "..\Penguin.Persistence.Repositories\Penguin.Persistence.Repositories.Local.csproj", "{ABBA54E2-55BE-431D-ADA4-BAF085A9DCFB}"
EndProject
Project("{FAE04EC0-301F-11D3-BF4B-00C04F79EFBC}") = "Penguin.DependencyInjection.Abstractions.Local", "..\Penguin.DependencyInjection.Abstractions\Penguin.DependencyInjection.Abstractions.Local.csproj", "{8B0D9E35-23AE-4754-A727-FEF7D5E16DA9}"
EndProject
Project("{FAE04EC0-301F-11D3-BF4B-00C04F79EFBC}") = "Penguin.Messaging.Persistence.Local", "..\Penguin.Messaging.Persistence\Penguin.Messaging.Persistence.Local.csproj", "{C18FB580-7FFE-4B90-A064-16838156F0A9}"
EndProject
Project("{FAE04EC0-301F-11D3-BF4B-00C04F79EFBC}") = "Penguin.Reflection.Local", "..\Penguin.Reflection\Penguin.Reflection.Local.csproj", "{1E08007A-3403-4874-8C66-D406F0D0E076}"
EndProject
Project("{FAE04EC0-301F-11D3-BF4B-00C04F79EFBC}") = "Penguin.Security.Abstractions.Local", "..\Penguin.Security.Abstractions\Penguin.Security.Abstractions.Local.csproj", "{03812DF4-AA11-446C-A812-D120EDDE1D89}"
EndProject
Project("{FAE04EC0-301F-11D3-BF4B-00C04F79EFBC}") = "Penguin.Cms.Web.Local", "..\Penguin.Cms.Web\Penguin.Cms.Web.Local.csproj", "{49F64CCA-9C26-4760-9567-5A28699B8396}"
EndProject
Project("{FAE04EC0-301F-11D3-BF4B-00C04F79EFBC}") = "Penguin.Cms.Abstractions.Local", "..\Penguin.Cms.Abstractions\Penguin.Cms.Abstractions.Local.csproj", "{8D6AF945-7917-4006-9D01-95AE9DC69AC4}"
EndProject
Project("{FAE04EC0-301F-11D3-BF4B-00C04F79EFBC}") = "Penguin.Configuration.Local", "..\Penguin.Configuration\Penguin.Configuration.Local.csproj", "{E8A88E40-C1B7-4CEB-887E-F5163328EDA4}"
EndProject
Project("{FAE04EC0-301F-11D3-BF4B-00C04F79EFBC}") = "Penguin.Configuration.Abstractions.Local", "..\Penguin.Configuration.Abstractions\Penguin.Configuration.Abstractions.Local.csproj", "{8A476758-EBF7-4CA1-8ABC-B7E60526CDCB}"
EndProject
Project("{FAE04EC0-301F-11D3-BF4B-00C04F79EFBC}") = "Penguin.DependencyInjection.Local", "..\Penguin.DependencyInjection\Penguin.DependencyInjection.Local.csproj", "{DA358725-8A07-4C69-8D99-1B02A44F9D73}"
EndProject
Project("{FAE04EC0-301F-11D3-BF4B-00C04F79EFBC}") = "Penguin.Extensions.Collections.Local", "..\Penguin.Extensions.Collections\Penguin.Extensions.Collections.Local.csproj", "{28492490-269D-4CB4-A326-49C03EEA3631}"
EndProject
Project("{FAE04EC0-301F-11D3-BF4B-00C04F79EFBC}") = "Penguin.Files.Local", "..\Penguin.Files\Penguin.Files.Local.csproj", "{2E78D830-C540-4803-AFF8-2C2F00CC3B23}"
EndProject
Project("{FAE04EC0-301F-11D3-BF4B-00C04F79EFBC}") = "Penguin.Files.Abstractions.Local", "..\Penguin.Files.Abstractions\Penguin.Files.Abstractions.Local.csproj", "{38DBC542-592D-46AB-A8E1-62A964E66723}"
EndProject
Project("{FAE04EC0-301F-11D3-BF4B-00C04F79EFBC}") = "Penguin.Messaging.Application.Local", "..\Penguin.Messaging.Application\Penguin.Messaging.Application.Local.csproj", "{07D9BB95-6611-4178-BA0D-19D451CE726F}"
EndProject
Project("{FAE04EC0-301F-11D3-BF4B-00C04F79EFBC}") = "Penguin.Persistence.Database.Local", "..\Penguin.Persistence.Database\Penguin.Persistence.Database.Local.csproj", "{40798E29-AF57-49E4-B94A-D3DBCCD1B4D9}"
EndProject
Project("{FAE04EC0-301F-11D3-BF4B-00C04F79EFBC}") = "Penguin.Threading.BackgroundWorker.Local", "..\Penguin.Threading.BackgroundWorker\Penguin.Threading.BackgroundWorker.Local.csproj", "{5B7D2B67-C6B7-48E8-AD0C-FE1B5908D5DA}"
EndProject
Project("{FAE04EC0-301F-11D3-BF4B-00C04F79EFBC}") = "Penguin.Reflection.Serialization.Local", "..\Penguin.Reflection.Serialization\Penguin.Reflection.Serialization.Local.csproj", "{A6207F31-EA01-4379-AC0C-575564143117}"
EndProject
Project("{FAE04EC0-301F-11D3-BF4B-00C04F79EFBC}") = "Penguin.Reflection.Serialization.Abstractions.Local", "..\Penguin.Reflection.Serialization.Abstractions\Penguin.Reflection.Serialization.Abstractions.Local.csproj", "{0D63D18D-7444-4D6E-83E8-7C242CFAEB0F}"
EndProject
Project("{FAE04EC0-301F-11D3-BF4B-00C04F79EFBC}") = "Penguin.Reflection.Serialization.Extensions.Local", "..\Penguin.Reflection.Serialization.Extensions\Penguin.Reflection.Serialization.Extensions.Local.csproj", "{F181FE75-5E33-4F8E-810F-6A486A16DD75}"
EndProject
Project("{FAE04EC0-301F-11D3-BF4B-00C04F79EFBC}") = "Penguin.Templating.Abstractions.Local", "..\Penguin.Templating.Abstractions\Penguin.Templating.Abstractions.Local.csproj", "{F2B48C8C-8699-4008-8A88-46B7A04C3ADB}"
EndProject
Project("{FAE04EC0-301F-11D3-BF4B-00C04F79EFBC}") = "Penguin.Testing.Local", "..\Penguin.Testing\Penguin.Testing.Local.csproj", "{04231D37-3E1E-4EB2-A438-A8C6FDADCFB6}"
EndProject
Project("{FAE04EC0-301F-11D3-BF4B-00C04F79EFBC}") = "Penguin.Web.Abstractions.Local", "..\Penguin.Web.Abstractions\Penguin.Web.Abstractions.Local.csproj", "{925088DB-6B3B-45B9-B395-E45116414B6C}"
EndProject
Project("{FAE04EC0-301F-11D3-BF4B-00C04F79EFBC}") = "Penguin.Web.DependencyInjection.Local", "..\Penguin.Web.DependencyInjection\Penguin.Web.DependencyInjection.Local.csproj", "{FA8BDAC4-795C-42CB-94B0-B8F88F44DA58}"
EndProject
Project("{FAE04EC0-301F-11D3-BF4B-00C04F79EFBC}") = "Penguin.Web.Testing.Local", "..\Penguin.Web.Testing\Penguin.Web.Testing.Local.csproj", "{54478C2B-B53B-40E9-904D-E811BA600EBE}"
EndProject
Project("{FAE04EC0-301F-11D3-BF4B-00C04F79EFBC}") = "Penguin.Web.Errors.Local", "..\Penguin.Web.Errors\Penguin.Web.Errors.Local.csproj", "{CDEEE057-EDDE-49D9-91E7-DC1ABD22990C}"
EndProject
Project("{FAE04EC0-301F-11D3-BF4B-00C04F79EFBC}") = "Penguin.Web.Mvc.Local", "..\Penguin.Web.Mvc\Penguin.Web.Mvc.Local.csproj", "{0D453E16-D962-469C-B943-384F1A9CE59E}"
EndProject
Project("{FAE04EC0-301F-11D3-BF4B-00C04F79EFBC}") = "Penguin.Web.Mvc.Abstractions.Local", "..\Penguin.Web.Mvc.Abstractions\Penguin.Web.Mvc.Abstractions.Local.csproj", "{D3889F9B-8022-409F-98A8-B19976DD75FA}"
EndProject
Global
	GlobalSection(SolutionConfigurationPlatforms) = preSolution
		Debug|Any CPU = Debug|Any CPU
		Debug|x64 = Debug|x64
		Debug|x86 = Debug|x86
		Release|Any CPU = Release|Any CPU
		Release|x64 = Release|x64
		Release|x86 = Release|x86
	EndGlobalSection
	GlobalSection(SolutionProperties) = preSolution
		HideSolutionNode = FALSE
	EndGlobalSection
	GlobalSection(ProjectConfigurationPlatforms) = postSolution
		{C6662FF8-5698-4242-9875-94F3A67972CE}.Debug|Any CPU.ActiveCfg = Debug|Any CPU
		{C6662FF8-5698-4242-9875-94F3A67972CE}.Debug|Any CPU.Build.0 = Debug|Any CPU
		{C6662FF8-5698-4242-9875-94F3A67972CE}.Debug|x64.ActiveCfg = Debug|Any CPU
		{C6662FF8-5698-4242-9875-94F3A67972CE}.Debug|x64.Build.0 = Debug|Any CPU
		{C6662FF8-5698-4242-9875-94F3A67972CE}.Debug|x86.ActiveCfg = Debug|Any CPU
		{C6662FF8-5698-4242-9875-94F3A67972CE}.Debug|x86.Build.0 = Debug|Any CPU
		{C6662FF8-5698-4242-9875-94F3A67972CE}.Release|Any CPU.ActiveCfg = Release|Any CPU
		{C6662FF8-5698-4242-9875-94F3A67972CE}.Release|Any CPU.Build.0 = Release|Any CPU
		{C6662FF8-5698-4242-9875-94F3A67972CE}.Release|x64.ActiveCfg = Release|Any CPU
		{C6662FF8-5698-4242-9875-94F3A67972CE}.Release|x64.Build.0 = Release|Any CPU
		{C6662FF8-5698-4242-9875-94F3A67972CE}.Release|x86.ActiveCfg = Release|Any CPU
		{C6662FF8-5698-4242-9875-94F3A67972CE}.Release|x86.Build.0 = Release|Any CPU
		{ABC88E13-A415-41F8-A8CD-C48B3AE129AE}.Debug|Any CPU.ActiveCfg = Debug|Any CPU
		{ABC88E13-A415-41F8-A8CD-C48B3AE129AE}.Debug|Any CPU.Build.0 = Debug|Any CPU
		{ABC88E13-A415-41F8-A8CD-C48B3AE129AE}.Debug|x64.ActiveCfg = Debug|Any CPU
		{ABC88E13-A415-41F8-A8CD-C48B3AE129AE}.Debug|x64.Build.0 = Debug|Any CPU
		{ABC88E13-A415-41F8-A8CD-C48B3AE129AE}.Debug|x86.ActiveCfg = Debug|Any CPU
		{ABC88E13-A415-41F8-A8CD-C48B3AE129AE}.Debug|x86.Build.0 = Debug|Any CPU
		{ABC88E13-A415-41F8-A8CD-C48B3AE129AE}.Release|Any CPU.ActiveCfg = Release|Any CPU
		{ABC88E13-A415-41F8-A8CD-C48B3AE129AE}.Release|Any CPU.Build.0 = Release|Any CPU
		{ABC88E13-A415-41F8-A8CD-C48B3AE129AE}.Release|x64.ActiveCfg = Release|Any CPU
		{ABC88E13-A415-41F8-A8CD-C48B3AE129AE}.Release|x64.Build.0 = Release|Any CPU
		{ABC88E13-A415-41F8-A8CD-C48B3AE129AE}.Release|x86.ActiveCfg = Release|Any CPU
		{ABC88E13-A415-41F8-A8CD-C48B3AE129AE}.Release|x86.Build.0 = Release|Any CPU
		{A573FDF9-AA29-45A5-885E-331133C91DF7}.Debug|Any CPU.ActiveCfg = Debug|Any CPU
		{A573FDF9-AA29-45A5-885E-331133C91DF7}.Debug|Any CPU.Build.0 = Debug|Any CPU
		{A573FDF9-AA29-45A5-885E-331133C91DF7}.Debug|x64.ActiveCfg = Debug|Any CPU
		{A573FDF9-AA29-45A5-885E-331133C91DF7}.Debug|x64.Build.0 = Debug|Any CPU
		{A573FDF9-AA29-45A5-885E-331133C91DF7}.Debug|x86.ActiveCfg = Debug|Any CPU
		{A573FDF9-AA29-45A5-885E-331133C91DF7}.Debug|x86.Build.0 = Debug|Any CPU
		{A573FDF9-AA29-45A5-885E-331133C91DF7}.Release|Any CPU.ActiveCfg = Release|Any CPU
		{A573FDF9-AA29-45A5-885E-331133C91DF7}.Release|Any CPU.Build.0 = Release|Any CPU
		{A573FDF9-AA29-45A5-885E-331133C91DF7}.Release|x64.ActiveCfg = Release|Any CPU
		{A573FDF9-AA29-45A5-885E-331133C91DF7}.Release|x64.Build.0 = Release|Any CPU
		{A573FDF9-AA29-45A5-885E-331133C91DF7}.Release|x86.ActiveCfg = Release|Any CPU
		{A573FDF9-AA29-45A5-885E-331133C91DF7}.Release|x86.Build.0 = Release|Any CPU
		{163F33DB-9BFE-461E-A8BD-34D5B14B503D}.Debug|Any CPU.ActiveCfg = Debug|Any CPU
		{163F33DB-9BFE-461E-A8BD-34D5B14B503D}.Debug|Any CPU.Build.0 = Debug|Any CPU
		{163F33DB-9BFE-461E-A8BD-34D5B14B503D}.Debug|x64.ActiveCfg = Debug|Any CPU
		{163F33DB-9BFE-461E-A8BD-34D5B14B503D}.Debug|x64.Build.0 = Debug|Any CPU
		{163F33DB-9BFE-461E-A8BD-34D5B14B503D}.Debug|x86.ActiveCfg = Debug|Any CPU
		{163F33DB-9BFE-461E-A8BD-34D5B14B503D}.Debug|x86.Build.0 = Debug|Any CPU
		{163F33DB-9BFE-461E-A8BD-34D5B14B503D}.Release|Any CPU.ActiveCfg = Release|Any CPU
		{163F33DB-9BFE-461E-A8BD-34D5B14B503D}.Release|Any CPU.Build.0 = Release|Any CPU
		{163F33DB-9BFE-461E-A8BD-34D5B14B503D}.Release|x64.ActiveCfg = Release|Any CPU
		{163F33DB-9BFE-461E-A8BD-34D5B14B503D}.Release|x64.Build.0 = Release|Any CPU
		{163F33DB-9BFE-461E-A8BD-34D5B14B503D}.Release|x86.ActiveCfg = Release|Any CPU
		{163F33DB-9BFE-461E-A8BD-34D5B14B503D}.Release|x86.Build.0 = Release|Any CPU
		{56508276-4F0F-4915-88BB-3A1CFA3B0BD9}.Debug|Any CPU.ActiveCfg = Debug|Any CPU
		{56508276-4F0F-4915-88BB-3A1CFA3B0BD9}.Debug|Any CPU.Build.0 = Debug|Any CPU
		{56508276-4F0F-4915-88BB-3A1CFA3B0BD9}.Debug|x64.ActiveCfg = Debug|Any CPU
		{56508276-4F0F-4915-88BB-3A1CFA3B0BD9}.Debug|x64.Build.0 = Debug|Any CPU
		{56508276-4F0F-4915-88BB-3A1CFA3B0BD9}.Debug|x86.ActiveCfg = Debug|Any CPU
		{56508276-4F0F-4915-88BB-3A1CFA3B0BD9}.Debug|x86.Build.0 = Debug|Any CPU
		{56508276-4F0F-4915-88BB-3A1CFA3B0BD9}.Release|Any CPU.ActiveCfg = Release|Any CPU
		{56508276-4F0F-4915-88BB-3A1CFA3B0BD9}.Release|Any CPU.Build.0 = Release|Any CPU
		{56508276-4F0F-4915-88BB-3A1CFA3B0BD9}.Release|x64.ActiveCfg = Release|Any CPU
		{56508276-4F0F-4915-88BB-3A1CFA3B0BD9}.Release|x64.Build.0 = Release|Any CPU
		{56508276-4F0F-4915-88BB-3A1CFA3B0BD9}.Release|x86.ActiveCfg = Release|Any CPU
		{56508276-4F0F-4915-88BB-3A1CFA3B0BD9}.Release|x86.Build.0 = Release|Any CPU
		{77A0FA41-CF4D-47F0-A1FC-D66419B0AB8F}.Debug|Any CPU.ActiveCfg = Debug|Any CPU
		{77A0FA41-CF4D-47F0-A1FC-D66419B0AB8F}.Debug|Any CPU.Build.0 = Debug|Any CPU
		{77A0FA41-CF4D-47F0-A1FC-D66419B0AB8F}.Debug|x64.ActiveCfg = Debug|Any CPU
		{77A0FA41-CF4D-47F0-A1FC-D66419B0AB8F}.Debug|x64.Build.0 = Debug|Any CPU
		{77A0FA41-CF4D-47F0-A1FC-D66419B0AB8F}.Debug|x86.ActiveCfg = Debug|Any CPU
		{77A0FA41-CF4D-47F0-A1FC-D66419B0AB8F}.Debug|x86.Build.0 = Debug|Any CPU
		{77A0FA41-CF4D-47F0-A1FC-D66419B0AB8F}.Release|Any CPU.ActiveCfg = Release|Any CPU
		{77A0FA41-CF4D-47F0-A1FC-D66419B0AB8F}.Release|Any CPU.Build.0 = Release|Any CPU
		{77A0FA41-CF4D-47F0-A1FC-D66419B0AB8F}.Release|x64.ActiveCfg = Release|Any CPU
		{77A0FA41-CF4D-47F0-A1FC-D66419B0AB8F}.Release|x64.Build.0 = Release|Any CPU
		{77A0FA41-CF4D-47F0-A1FC-D66419B0AB8F}.Release|x86.ActiveCfg = Release|Any CPU
		{77A0FA41-CF4D-47F0-A1FC-D66419B0AB8F}.Release|x86.Build.0 = Release|Any CPU
		{0FD73EF7-81CA-4076-9497-1A6B6F17A588}.Debug|Any CPU.ActiveCfg = Debug|Any CPU
		{0FD73EF7-81CA-4076-9497-1A6B6F17A588}.Debug|Any CPU.Build.0 = Debug|Any CPU
		{0FD73EF7-81CA-4076-9497-1A6B6F17A588}.Debug|x64.ActiveCfg = Debug|Any CPU
		{0FD73EF7-81CA-4076-9497-1A6B6F17A588}.Debug|x64.Build.0 = Debug|Any CPU
		{0FD73EF7-81CA-4076-9497-1A6B6F17A588}.Debug|x86.ActiveCfg = Debug|Any CPU
		{0FD73EF7-81CA-4076-9497-1A6B6F17A588}.Debug|x86.Build.0 = Debug|Any CPU
		{0FD73EF7-81CA-4076-9497-1A6B6F17A588}.Release|Any CPU.ActiveCfg = Release|Any CPU
		{0FD73EF7-81CA-4076-9497-1A6B6F17A588}.Release|Any CPU.Build.0 = Release|Any CPU
		{0FD73EF7-81CA-4076-9497-1A6B6F17A588}.Release|x64.ActiveCfg = Release|Any CPU
		{0FD73EF7-81CA-4076-9497-1A6B6F17A588}.Release|x64.Build.0 = Release|Any CPU
		{0FD73EF7-81CA-4076-9497-1A6B6F17A588}.Release|x86.ActiveCfg = Release|Any CPU
		{0FD73EF7-81CA-4076-9497-1A6B6F17A588}.Release|x86.Build.0 = Release|Any CPU
		{427BD0BA-29A8-4E8E-B82A-56B08B062E67}.Debug|Any CPU.ActiveCfg = Debug|Any CPU
		{427BD0BA-29A8-4E8E-B82A-56B08B062E67}.Debug|Any CPU.Build.0 = Debug|Any CPU
		{427BD0BA-29A8-4E8E-B82A-56B08B062E67}.Debug|x64.ActiveCfg = Debug|Any CPU
		{427BD0BA-29A8-4E8E-B82A-56B08B062E67}.Debug|x64.Build.0 = Debug|Any CPU
		{427BD0BA-29A8-4E8E-B82A-56B08B062E67}.Debug|x86.ActiveCfg = Debug|Any CPU
		{427BD0BA-29A8-4E8E-B82A-56B08B062E67}.Debug|x86.Build.0 = Debug|Any CPU
		{427BD0BA-29A8-4E8E-B82A-56B08B062E67}.Release|Any CPU.ActiveCfg = Release|Any CPU
		{427BD0BA-29A8-4E8E-B82A-56B08B062E67}.Release|Any CPU.Build.0 = Release|Any CPU
		{427BD0BA-29A8-4E8E-B82A-56B08B062E67}.Release|x64.ActiveCfg = Release|Any CPU
		{427BD0BA-29A8-4E8E-B82A-56B08B062E67}.Release|x64.Build.0 = Release|Any CPU
		{427BD0BA-29A8-4E8E-B82A-56B08B062E67}.Release|x86.ActiveCfg = Release|Any CPU
		{427BD0BA-29A8-4E8E-B82A-56B08B062E67}.Release|x86.Build.0 = Release|Any CPU
		{73935533-55D9-491A-8083-B731883B76BA}.Debug|Any CPU.ActiveCfg = Debug|Any CPU
		{73935533-55D9-491A-8083-B731883B76BA}.Debug|Any CPU.Build.0 = Debug|Any CPU
		{73935533-55D9-491A-8083-B731883B76BA}.Debug|x64.ActiveCfg = Debug|Any CPU
		{73935533-55D9-491A-8083-B731883B76BA}.Debug|x64.Build.0 = Debug|Any CPU
		{73935533-55D9-491A-8083-B731883B76BA}.Debug|x86.ActiveCfg = Debug|Any CPU
		{73935533-55D9-491A-8083-B731883B76BA}.Debug|x86.Build.0 = Debug|Any CPU
		{73935533-55D9-491A-8083-B731883B76BA}.Release|Any CPU.ActiveCfg = Release|Any CPU
		{73935533-55D9-491A-8083-B731883B76BA}.Release|Any CPU.Build.0 = Release|Any CPU
		{73935533-55D9-491A-8083-B731883B76BA}.Release|x64.ActiveCfg = Release|Any CPU
		{73935533-55D9-491A-8083-B731883B76BA}.Release|x64.Build.0 = Release|Any CPU
		{73935533-55D9-491A-8083-B731883B76BA}.Release|x86.ActiveCfg = Release|Any CPU
		{73935533-55D9-491A-8083-B731883B76BA}.Release|x86.Build.0 = Release|Any CPU
		{74153D96-E083-4B15-8344-49878A59A762}.Debug|Any CPU.ActiveCfg = Debug|Any CPU
		{74153D96-E083-4B15-8344-49878A59A762}.Debug|Any CPU.Build.0 = Debug|Any CPU
		{74153D96-E083-4B15-8344-49878A59A762}.Debug|x64.ActiveCfg = Debug|Any CPU
		{74153D96-E083-4B15-8344-49878A59A762}.Debug|x64.Build.0 = Debug|Any CPU
		{74153D96-E083-4B15-8344-49878A59A762}.Debug|x86.ActiveCfg = Debug|Any CPU
		{74153D96-E083-4B15-8344-49878A59A762}.Debug|x86.Build.0 = Debug|Any CPU
		{74153D96-E083-4B15-8344-49878A59A762}.Release|Any CPU.ActiveCfg = Release|Any CPU
		{74153D96-E083-4B15-8344-49878A59A762}.Release|Any CPU.Build.0 = Release|Any CPU
		{74153D96-E083-4B15-8344-49878A59A762}.Release|x64.ActiveCfg = Release|Any CPU
		{74153D96-E083-4B15-8344-49878A59A762}.Release|x64.Build.0 = Release|Any CPU
		{74153D96-E083-4B15-8344-49878A59A762}.Release|x86.ActiveCfg = Release|Any CPU
		{74153D96-E083-4B15-8344-49878A59A762}.Release|x86.Build.0 = Release|Any CPU
		{0905CF70-8642-4362-B7CD-B0352015BC22}.Debug|Any CPU.ActiveCfg = Debug|Any CPU
		{0905CF70-8642-4362-B7CD-B0352015BC22}.Debug|Any CPU.Build.0 = Debug|Any CPU
		{0905CF70-8642-4362-B7CD-B0352015BC22}.Debug|x64.ActiveCfg = Debug|Any CPU
		{0905CF70-8642-4362-B7CD-B0352015BC22}.Debug|x64.Build.0 = Debug|Any CPU
		{0905CF70-8642-4362-B7CD-B0352015BC22}.Debug|x86.ActiveCfg = Debug|Any CPU
		{0905CF70-8642-4362-B7CD-B0352015BC22}.Debug|x86.Build.0 = Debug|Any CPU
		{0905CF70-8642-4362-B7CD-B0352015BC22}.Release|Any CPU.ActiveCfg = Release|Any CPU
		{0905CF70-8642-4362-B7CD-B0352015BC22}.Release|Any CPU.Build.0 = Release|Any CPU
		{0905CF70-8642-4362-B7CD-B0352015BC22}.Release|x64.ActiveCfg = Release|Any CPU
		{0905CF70-8642-4362-B7CD-B0352015BC22}.Release|x64.Build.0 = Release|Any CPU
		{0905CF70-8642-4362-B7CD-B0352015BC22}.Release|x86.ActiveCfg = Release|Any CPU
		{0905CF70-8642-4362-B7CD-B0352015BC22}.Release|x86.Build.0 = Release|Any CPU
		{572B8485-022D-4D35-B0C4-DCA8DB65CBCE}.Debug|Any CPU.ActiveCfg = Debug|Any CPU
		{572B8485-022D-4D35-B0C4-DCA8DB65CBCE}.Debug|Any CPU.Build.0 = Debug|Any CPU
		{572B8485-022D-4D35-B0C4-DCA8DB65CBCE}.Debug|x64.ActiveCfg = Debug|Any CPU
		{572B8485-022D-4D35-B0C4-DCA8DB65CBCE}.Debug|x64.Build.0 = Debug|Any CPU
		{572B8485-022D-4D35-B0C4-DCA8DB65CBCE}.Debug|x86.ActiveCfg = Debug|Any CPU
		{572B8485-022D-4D35-B0C4-DCA8DB65CBCE}.Debug|x86.Build.0 = Debug|Any CPU
		{572B8485-022D-4D35-B0C4-DCA8DB65CBCE}.Release|Any CPU.ActiveCfg = Release|Any CPU
		{572B8485-022D-4D35-B0C4-DCA8DB65CBCE}.Release|Any CPU.Build.0 = Release|Any CPU
		{572B8485-022D-4D35-B0C4-DCA8DB65CBCE}.Release|x64.ActiveCfg = Release|Any CPU
		{572B8485-022D-4D35-B0C4-DCA8DB65CBCE}.Release|x64.Build.0 = Release|Any CPU
		{572B8485-022D-4D35-B0C4-DCA8DB65CBCE}.Release|x86.ActiveCfg = Release|Any CPU
		{572B8485-022D-4D35-B0C4-DCA8DB65CBCE}.Release|x86.Build.0 = Release|Any CPU
		{6707FBA7-811B-437C-9D3F-A7692A4C07D5}.Debug|Any CPU.ActiveCfg = Debug|Any CPU
		{6707FBA7-811B-437C-9D3F-A7692A4C07D5}.Debug|Any CPU.Build.0 = Debug|Any CPU
		{6707FBA7-811B-437C-9D3F-A7692A4C07D5}.Debug|x64.ActiveCfg = Debug|Any CPU
		{6707FBA7-811B-437C-9D3F-A7692A4C07D5}.Debug|x64.Build.0 = Debug|Any CPU
		{6707FBA7-811B-437C-9D3F-A7692A4C07D5}.Debug|x86.ActiveCfg = Debug|Any CPU
		{6707FBA7-811B-437C-9D3F-A7692A4C07D5}.Debug|x86.Build.0 = Debug|Any CPU
		{6707FBA7-811B-437C-9D3F-A7692A4C07D5}.Release|Any CPU.ActiveCfg = Release|Any CPU
		{6707FBA7-811B-437C-9D3F-A7692A4C07D5}.Release|Any CPU.Build.0 = Release|Any CPU
		{6707FBA7-811B-437C-9D3F-A7692A4C07D5}.Release|x64.ActiveCfg = Release|Any CPU
		{6707FBA7-811B-437C-9D3F-A7692A4C07D5}.Release|x64.Build.0 = Release|Any CPU
		{6707FBA7-811B-437C-9D3F-A7692A4C07D5}.Release|x86.ActiveCfg = Release|Any CPU
		{6707FBA7-811B-437C-9D3F-A7692A4C07D5}.Release|x86.Build.0 = Release|Any CPU
		{F24AEF53-5C82-43E7-BDCA-F392B063024A}.Debug|Any CPU.ActiveCfg = Debug|Any CPU
		{F24AEF53-5C82-43E7-BDCA-F392B063024A}.Debug|Any CPU.Build.0 = Debug|Any CPU
		{F24AEF53-5C82-43E7-BDCA-F392B063024A}.Debug|x64.ActiveCfg = Debug|Any CPU
		{F24AEF53-5C82-43E7-BDCA-F392B063024A}.Debug|x64.Build.0 = Debug|Any CPU
		{F24AEF53-5C82-43E7-BDCA-F392B063024A}.Debug|x86.ActiveCfg = Debug|Any CPU
		{F24AEF53-5C82-43E7-BDCA-F392B063024A}.Debug|x86.Build.0 = Debug|Any CPU
		{F24AEF53-5C82-43E7-BDCA-F392B063024A}.Release|Any CPU.ActiveCfg = Release|Any CPU
		{F24AEF53-5C82-43E7-BDCA-F392B063024A}.Release|Any CPU.Build.0 = Release|Any CPU
		{F24AEF53-5C82-43E7-BDCA-F392B063024A}.Release|x64.ActiveCfg = Release|Any CPU
		{F24AEF53-5C82-43E7-BDCA-F392B063024A}.Release|x64.Build.0 = Release|Any CPU
		{F24AEF53-5C82-43E7-BDCA-F392B063024A}.Release|x86.ActiveCfg = Release|Any CPU
		{F24AEF53-5C82-43E7-BDCA-F392B063024A}.Release|x86.Build.0 = Release|Any CPU
		{ABBA54E2-55BE-431D-ADA4-BAF085A9DCFB}.Debug|Any CPU.ActiveCfg = Debug|Any CPU
		{ABBA54E2-55BE-431D-ADA4-BAF085A9DCFB}.Debug|Any CPU.Build.0 = Debug|Any CPU
		{ABBA54E2-55BE-431D-ADA4-BAF085A9DCFB}.Debug|x64.ActiveCfg = Debug|Any CPU
		{ABBA54E2-55BE-431D-ADA4-BAF085A9DCFB}.Debug|x64.Build.0 = Debug|Any CPU
		{ABBA54E2-55BE-431D-ADA4-BAF085A9DCFB}.Debug|x86.ActiveCfg = Debug|Any CPU
		{ABBA54E2-55BE-431D-ADA4-BAF085A9DCFB}.Debug|x86.Build.0 = Debug|Any CPU
		{ABBA54E2-55BE-431D-ADA4-BAF085A9DCFB}.Release|Any CPU.ActiveCfg = Release|Any CPU
		{ABBA54E2-55BE-431D-ADA4-BAF085A9DCFB}.Release|Any CPU.Build.0 = Release|Any CPU
		{ABBA54E2-55BE-431D-ADA4-BAF085A9DCFB}.Release|x64.ActiveCfg = Release|Any CPU
		{ABBA54E2-55BE-431D-ADA4-BAF085A9DCFB}.Release|x64.Build.0 = Release|Any CPU
		{ABBA54E2-55BE-431D-ADA4-BAF085A9DCFB}.Release|x86.ActiveCfg = Release|Any CPU
		{ABBA54E2-55BE-431D-ADA4-BAF085A9DCFB}.Release|x86.Build.0 = Release|Any CPU
		{8B0D9E35-23AE-4754-A727-FEF7D5E16DA9}.Debug|Any CPU.ActiveCfg = Debug|Any CPU
		{8B0D9E35-23AE-4754-A727-FEF7D5E16DA9}.Debug|Any CPU.Build.0 = Debug|Any CPU
		{8B0D9E35-23AE-4754-A727-FEF7D5E16DA9}.Debug|x64.ActiveCfg = Debug|Any CPU
		{8B0D9E35-23AE-4754-A727-FEF7D5E16DA9}.Debug|x64.Build.0 = Debug|Any CPU
		{8B0D9E35-23AE-4754-A727-FEF7D5E16DA9}.Debug|x86.ActiveCfg = Debug|Any CPU
		{8B0D9E35-23AE-4754-A727-FEF7D5E16DA9}.Debug|x86.Build.0 = Debug|Any CPU
		{8B0D9E35-23AE-4754-A727-FEF7D5E16DA9}.Release|Any CPU.ActiveCfg = Release|Any CPU
		{8B0D9E35-23AE-4754-A727-FEF7D5E16DA9}.Release|Any CPU.Build.0 = Release|Any CPU
		{8B0D9E35-23AE-4754-A727-FEF7D5E16DA9}.Release|x64.ActiveCfg = Release|Any CPU
		{8B0D9E35-23AE-4754-A727-FEF7D5E16DA9}.Release|x64.Build.0 = Release|Any CPU
		{8B0D9E35-23AE-4754-A727-FEF7D5E16DA9}.Release|x86.ActiveCfg = Release|Any CPU
		{8B0D9E35-23AE-4754-A727-FEF7D5E16DA9}.Release|x86.Build.0 = Release|Any CPU
		{C18FB580-7FFE-4B90-A064-16838156F0A9}.Debug|Any CPU.ActiveCfg = Debug|Any CPU
		{C18FB580-7FFE-4B90-A064-16838156F0A9}.Debug|Any CPU.Build.0 = Debug|Any CPU
		{C18FB580-7FFE-4B90-A064-16838156F0A9}.Debug|x64.ActiveCfg = Debug|Any CPU
		{C18FB580-7FFE-4B90-A064-16838156F0A9}.Debug|x64.Build.0 = Debug|Any CPU
		{C18FB580-7FFE-4B90-A064-16838156F0A9}.Debug|x86.ActiveCfg = Debug|Any CPU
		{C18FB580-7FFE-4B90-A064-16838156F0A9}.Debug|x86.Build.0 = Debug|Any CPU
		{C18FB580-7FFE-4B90-A064-16838156F0A9}.Release|Any CPU.ActiveCfg = Release|Any CPU
		{C18FB580-7FFE-4B90-A064-16838156F0A9}.Release|Any CPU.Build.0 = Release|Any CPU
		{C18FB580-7FFE-4B90-A064-16838156F0A9}.Release|x64.ActiveCfg = Release|Any CPU
		{C18FB580-7FFE-4B90-A064-16838156F0A9}.Release|x64.Build.0 = Release|Any CPU
		{C18FB580-7FFE-4B90-A064-16838156F0A9}.Release|x86.ActiveCfg = Release|Any CPU
		{C18FB580-7FFE-4B90-A064-16838156F0A9}.Release|x86.Build.0 = Release|Any CPU
		{1E08007A-3403-4874-8C66-D406F0D0E076}.Debug|Any CPU.ActiveCfg = Debug|Any CPU
		{1E08007A-3403-4874-8C66-D406F0D0E076}.Debug|Any CPU.Build.0 = Debug|Any CPU
		{1E08007A-3403-4874-8C66-D406F0D0E076}.Debug|x64.ActiveCfg = Debug|Any CPU
		{1E08007A-3403-4874-8C66-D406F0D0E076}.Debug|x64.Build.0 = Debug|Any CPU
		{1E08007A-3403-4874-8C66-D406F0D0E076}.Debug|x86.ActiveCfg = Debug|Any CPU
		{1E08007A-3403-4874-8C66-D406F0D0E076}.Debug|x86.Build.0 = Debug|Any CPU
		{1E08007A-3403-4874-8C66-D406F0D0E076}.Release|Any CPU.ActiveCfg = Release|Any CPU
		{1E08007A-3403-4874-8C66-D406F0D0E076}.Release|Any CPU.Build.0 = Release|Any CPU
		{1E08007A-3403-4874-8C66-D406F0D0E076}.Release|x64.ActiveCfg = Release|Any CPU
		{1E08007A-3403-4874-8C66-D406F0D0E076}.Release|x64.Build.0 = Release|Any CPU
		{1E08007A-3403-4874-8C66-D406F0D0E076}.Release|x86.ActiveCfg = Release|Any CPU
		{1E08007A-3403-4874-8C66-D406F0D0E076}.Release|x86.Build.0 = Release|Any CPU
		{03812DF4-AA11-446C-A812-D120EDDE1D89}.Debug|Any CPU.ActiveCfg = Debug|Any CPU
		{03812DF4-AA11-446C-A812-D120EDDE1D89}.Debug|Any CPU.Build.0 = Debug|Any CPU
		{03812DF4-AA11-446C-A812-D120EDDE1D89}.Debug|x64.ActiveCfg = Debug|Any CPU
		{03812DF4-AA11-446C-A812-D120EDDE1D89}.Debug|x64.Build.0 = Debug|Any CPU
		{03812DF4-AA11-446C-A812-D120EDDE1D89}.Debug|x86.ActiveCfg = Debug|Any CPU
		{03812DF4-AA11-446C-A812-D120EDDE1D89}.Debug|x86.Build.0 = Debug|Any CPU
		{03812DF4-AA11-446C-A812-D120EDDE1D89}.Release|Any CPU.ActiveCfg = Release|Any CPU
		{03812DF4-AA11-446C-A812-D120EDDE1D89}.Release|Any CPU.Build.0 = Release|Any CPU
		{03812DF4-AA11-446C-A812-D120EDDE1D89}.Release|x64.ActiveCfg = Release|Any CPU
		{03812DF4-AA11-446C-A812-D120EDDE1D89}.Release|x64.Build.0 = Release|Any CPU
		{03812DF4-AA11-446C-A812-D120EDDE1D89}.Release|x86.ActiveCfg = Release|Any CPU
		{03812DF4-AA11-446C-A812-D120EDDE1D89}.Release|x86.Build.0 = Release|Any CPU
		{49F64CCA-9C26-4760-9567-5A28699B8396}.Debug|Any CPU.ActiveCfg = Debug|Any CPU
		{49F64CCA-9C26-4760-9567-5A28699B8396}.Debug|Any CPU.Build.0 = Debug|Any CPU
		{49F64CCA-9C26-4760-9567-5A28699B8396}.Debug|x64.ActiveCfg = Debug|Any CPU
		{49F64CCA-9C26-4760-9567-5A28699B8396}.Debug|x64.Build.0 = Debug|Any CPU
		{49F64CCA-9C26-4760-9567-5A28699B8396}.Debug|x86.ActiveCfg = Debug|Any CPU
		{49F64CCA-9C26-4760-9567-5A28699B8396}.Debug|x86.Build.0 = Debug|Any CPU
		{49F64CCA-9C26-4760-9567-5A28699B8396}.Release|Any CPU.ActiveCfg = Release|Any CPU
		{49F64CCA-9C26-4760-9567-5A28699B8396}.Release|Any CPU.Build.0 = Release|Any CPU
		{49F64CCA-9C26-4760-9567-5A28699B8396}.Release|x64.ActiveCfg = Release|Any CPU
		{49F64CCA-9C26-4760-9567-5A28699B8396}.Release|x64.Build.0 = Release|Any CPU
		{49F64CCA-9C26-4760-9567-5A28699B8396}.Release|x86.ActiveCfg = Release|Any CPU
		{49F64CCA-9C26-4760-9567-5A28699B8396}.Release|x86.Build.0 = Release|Any CPU
		{8D6AF945-7917-4006-9D01-95AE9DC69AC4}.Debug|Any CPU.ActiveCfg = Debug|Any CPU
		{8D6AF945-7917-4006-9D01-95AE9DC69AC4}.Debug|Any CPU.Build.0 = Debug|Any CPU
		{8D6AF945-7917-4006-9D01-95AE9DC69AC4}.Debug|x64.ActiveCfg = Debug|Any CPU
		{8D6AF945-7917-4006-9D01-95AE9DC69AC4}.Debug|x64.Build.0 = Debug|Any CPU
		{8D6AF945-7917-4006-9D01-95AE9DC69AC4}.Debug|x86.ActiveCfg = Debug|Any CPU
		{8D6AF945-7917-4006-9D01-95AE9DC69AC4}.Debug|x86.Build.0 = Debug|Any CPU
		{8D6AF945-7917-4006-9D01-95AE9DC69AC4}.Release|Any CPU.ActiveCfg = Release|Any CPU
		{8D6AF945-7917-4006-9D01-95AE9DC69AC4}.Release|Any CPU.Build.0 = Release|Any CPU
		{8D6AF945-7917-4006-9D01-95AE9DC69AC4}.Release|x64.ActiveCfg = Release|Any CPU
		{8D6AF945-7917-4006-9D01-95AE9DC69AC4}.Release|x64.Build.0 = Release|Any CPU
		{8D6AF945-7917-4006-9D01-95AE9DC69AC4}.Release|x86.ActiveCfg = Release|Any CPU
		{8D6AF945-7917-4006-9D01-95AE9DC69AC4}.Release|x86.Build.0 = Release|Any CPU
		{E8A88E40-C1B7-4CEB-887E-F5163328EDA4}.Debug|Any CPU.ActiveCfg = Debug|Any CPU
		{E8A88E40-C1B7-4CEB-887E-F5163328EDA4}.Debug|Any CPU.Build.0 = Debug|Any CPU
		{E8A88E40-C1B7-4CEB-887E-F5163328EDA4}.Debug|x64.ActiveCfg = Debug|Any CPU
		{E8A88E40-C1B7-4CEB-887E-F5163328EDA4}.Debug|x64.Build.0 = Debug|Any CPU
		{E8A88E40-C1B7-4CEB-887E-F5163328EDA4}.Debug|x86.ActiveCfg = Debug|Any CPU
		{E8A88E40-C1B7-4CEB-887E-F5163328EDA4}.Debug|x86.Build.0 = Debug|Any CPU
		{E8A88E40-C1B7-4CEB-887E-F5163328EDA4}.Release|Any CPU.ActiveCfg = Release|Any CPU
		{E8A88E40-C1B7-4CEB-887E-F5163328EDA4}.Release|Any CPU.Build.0 = Release|Any CPU
		{E8A88E40-C1B7-4CEB-887E-F5163328EDA4}.Release|x64.ActiveCfg = Release|Any CPU
		{E8A88E40-C1B7-4CEB-887E-F5163328EDA4}.Release|x64.Build.0 = Release|Any CPU
		{E8A88E40-C1B7-4CEB-887E-F5163328EDA4}.Release|x86.ActiveCfg = Release|Any CPU
		{E8A88E40-C1B7-4CEB-887E-F5163328EDA4}.Release|x86.Build.0 = Release|Any CPU
		{8A476758-EBF7-4CA1-8ABC-B7E60526CDCB}.Debug|Any CPU.ActiveCfg = Debug|Any CPU
		{8A476758-EBF7-4CA1-8ABC-B7E60526CDCB}.Debug|Any CPU.Build.0 = Debug|Any CPU
		{8A476758-EBF7-4CA1-8ABC-B7E60526CDCB}.Debug|x64.ActiveCfg = Debug|Any CPU
		{8A476758-EBF7-4CA1-8ABC-B7E60526CDCB}.Debug|x64.Build.0 = Debug|Any CPU
		{8A476758-EBF7-4CA1-8ABC-B7E60526CDCB}.Debug|x86.ActiveCfg = Debug|Any CPU
		{8A476758-EBF7-4CA1-8ABC-B7E60526CDCB}.Debug|x86.Build.0 = Debug|Any CPU
		{8A476758-EBF7-4CA1-8ABC-B7E60526CDCB}.Release|Any CPU.ActiveCfg = Release|Any CPU
		{8A476758-EBF7-4CA1-8ABC-B7E60526CDCB}.Release|Any CPU.Build.0 = Release|Any CPU
		{8A476758-EBF7-4CA1-8ABC-B7E60526CDCB}.Release|x64.ActiveCfg = Release|Any CPU
		{8A476758-EBF7-4CA1-8ABC-B7E60526CDCB}.Release|x64.Build.0 = Release|Any CPU
		{8A476758-EBF7-4CA1-8ABC-B7E60526CDCB}.Release|x86.ActiveCfg = Release|Any CPU
		{8A476758-EBF7-4CA1-8ABC-B7E60526CDCB}.Release|x86.Build.0 = Release|Any CPU
		{DA358725-8A07-4C69-8D99-1B02A44F9D73}.Debug|Any CPU.ActiveCfg = Debug|Any CPU
		{DA358725-8A07-4C69-8D99-1B02A44F9D73}.Debug|Any CPU.Build.0 = Debug|Any CPU
		{DA358725-8A07-4C69-8D99-1B02A44F9D73}.Debug|x64.ActiveCfg = Debug|Any CPU
		{DA358725-8A07-4C69-8D99-1B02A44F9D73}.Debug|x64.Build.0 = Debug|Any CPU
		{DA358725-8A07-4C69-8D99-1B02A44F9D73}.Debug|x86.ActiveCfg = Debug|Any CPU
		{DA358725-8A07-4C69-8D99-1B02A44F9D73}.Debug|x86.Build.0 = Debug|Any CPU
		{DA358725-8A07-4C69-8D99-1B02A44F9D73}.Release|Any CPU.ActiveCfg = Release|Any CPU
		{DA358725-8A07-4C69-8D99-1B02A44F9D73}.Release|Any CPU.Build.0 = Release|Any CPU
		{DA358725-8A07-4C69-8D99-1B02A44F9D73}.Release|x64.ActiveCfg = Release|Any CPU
		{DA358725-8A07-4C69-8D99-1B02A44F9D73}.Release|x64.Build.0 = Release|Any CPU
		{DA358725-8A07-4C69-8D99-1B02A44F9D73}.Release|x86.ActiveCfg = Release|Any CPU
		{DA358725-8A07-4C69-8D99-1B02A44F9D73}.Release|x86.Build.0 = Release|Any CPU
		{28492490-269D-4CB4-A326-49C03EEA3631}.Debug|Any CPU.ActiveCfg = Debug|Any CPU
		{28492490-269D-4CB4-A326-49C03EEA3631}.Debug|Any CPU.Build.0 = Debug|Any CPU
		{28492490-269D-4CB4-A326-49C03EEA3631}.Debug|x64.ActiveCfg = Debug|Any CPU
		{28492490-269D-4CB4-A326-49C03EEA3631}.Debug|x64.Build.0 = Debug|Any CPU
		{28492490-269D-4CB4-A326-49C03EEA3631}.Debug|x86.ActiveCfg = Debug|Any CPU
		{28492490-269D-4CB4-A326-49C03EEA3631}.Debug|x86.Build.0 = Debug|Any CPU
		{28492490-269D-4CB4-A326-49C03EEA3631}.Release|Any CPU.ActiveCfg = Release|Any CPU
		{28492490-269D-4CB4-A326-49C03EEA3631}.Release|Any CPU.Build.0 = Release|Any CPU
		{28492490-269D-4CB4-A326-49C03EEA3631}.Release|x64.ActiveCfg = Release|Any CPU
		{28492490-269D-4CB4-A326-49C03EEA3631}.Release|x64.Build.0 = Release|Any CPU
		{28492490-269D-4CB4-A326-49C03EEA3631}.Release|x86.ActiveCfg = Release|Any CPU
		{28492490-269D-4CB4-A326-49C03EEA3631}.Release|x86.Build.0 = Release|Any CPU
		{2E78D830-C540-4803-AFF8-2C2F00CC3B23}.Debug|Any CPU.ActiveCfg = Debug|Any CPU
		{2E78D830-C540-4803-AFF8-2C2F00CC3B23}.Debug|Any CPU.Build.0 = Debug|Any CPU
		{2E78D830-C540-4803-AFF8-2C2F00CC3B23}.Debug|x64.ActiveCfg = Debug|Any CPU
		{2E78D830-C540-4803-AFF8-2C2F00CC3B23}.Debug|x64.Build.0 = Debug|Any CPU
		{2E78D830-C540-4803-AFF8-2C2F00CC3B23}.Debug|x86.ActiveCfg = Debug|Any CPU
		{2E78D830-C540-4803-AFF8-2C2F00CC3B23}.Debug|x86.Build.0 = Debug|Any CPU
		{2E78D830-C540-4803-AFF8-2C2F00CC3B23}.Release|Any CPU.ActiveCfg = Release|Any CPU
		{2E78D830-C540-4803-AFF8-2C2F00CC3B23}.Release|Any CPU.Build.0 = Release|Any CPU
		{2E78D830-C540-4803-AFF8-2C2F00CC3B23}.Release|x64.ActiveCfg = Release|Any CPU
		{2E78D830-C540-4803-AFF8-2C2F00CC3B23}.Release|x64.Build.0 = Release|Any CPU
		{2E78D830-C540-4803-AFF8-2C2F00CC3B23}.Release|x86.ActiveCfg = Release|Any CPU
		{2E78D830-C540-4803-AFF8-2C2F00CC3B23}.Release|x86.Build.0 = Release|Any CPU
		{38DBC542-592D-46AB-A8E1-62A964E66723}.Debug|Any CPU.ActiveCfg = Debug|Any CPU
		{38DBC542-592D-46AB-A8E1-62A964E66723}.Debug|Any CPU.Build.0 = Debug|Any CPU
		{38DBC542-592D-46AB-A8E1-62A964E66723}.Debug|x64.ActiveCfg = Debug|Any CPU
		{38DBC542-592D-46AB-A8E1-62A964E66723}.Debug|x64.Build.0 = Debug|Any CPU
		{38DBC542-592D-46AB-A8E1-62A964E66723}.Debug|x86.ActiveCfg = Debug|Any CPU
		{38DBC542-592D-46AB-A8E1-62A964E66723}.Debug|x86.Build.0 = Debug|Any CPU
		{38DBC542-592D-46AB-A8E1-62A964E66723}.Release|Any CPU.ActiveCfg = Release|Any CPU
		{38DBC542-592D-46AB-A8E1-62A964E66723}.Release|Any CPU.Build.0 = Release|Any CPU
		{38DBC542-592D-46AB-A8E1-62A964E66723}.Release|x64.ActiveCfg = Release|Any CPU
		{38DBC542-592D-46AB-A8E1-62A964E66723}.Release|x64.Build.0 = Release|Any CPU
		{38DBC542-592D-46AB-A8E1-62A964E66723}.Release|x86.ActiveCfg = Release|Any CPU
		{38DBC542-592D-46AB-A8E1-62A964E66723}.Release|x86.Build.0 = Release|Any CPU
		{07D9BB95-6611-4178-BA0D-19D451CE726F}.Debug|Any CPU.ActiveCfg = Debug|Any CPU
		{07D9BB95-6611-4178-BA0D-19D451CE726F}.Debug|Any CPU.Build.0 = Debug|Any CPU
		{07D9BB95-6611-4178-BA0D-19D451CE726F}.Debug|x64.ActiveCfg = Debug|Any CPU
		{07D9BB95-6611-4178-BA0D-19D451CE726F}.Debug|x64.Build.0 = Debug|Any CPU
		{07D9BB95-6611-4178-BA0D-19D451CE726F}.Debug|x86.ActiveCfg = Debug|Any CPU
		{07D9BB95-6611-4178-BA0D-19D451CE726F}.Debug|x86.Build.0 = Debug|Any CPU
		{07D9BB95-6611-4178-BA0D-19D451CE726F}.Release|Any CPU.ActiveCfg = Release|Any CPU
		{07D9BB95-6611-4178-BA0D-19D451CE726F}.Release|Any CPU.Build.0 = Release|Any CPU
		{07D9BB95-6611-4178-BA0D-19D451CE726F}.Release|x64.ActiveCfg = Release|Any CPU
		{07D9BB95-6611-4178-BA0D-19D451CE726F}.Release|x64.Build.0 = Release|Any CPU
		{07D9BB95-6611-4178-BA0D-19D451CE726F}.Release|x86.ActiveCfg = Release|Any CPU
		{07D9BB95-6611-4178-BA0D-19D451CE726F}.Release|x86.Build.0 = Release|Any CPU
		{40798E29-AF57-49E4-B94A-D3DBCCD1B4D9}.Debug|Any CPU.ActiveCfg = Debug|Any CPU
		{40798E29-AF57-49E4-B94A-D3DBCCD1B4D9}.Debug|Any CPU.Build.0 = Debug|Any CPU
		{40798E29-AF57-49E4-B94A-D3DBCCD1B4D9}.Debug|x64.ActiveCfg = Debug|Any CPU
		{40798E29-AF57-49E4-B94A-D3DBCCD1B4D9}.Debug|x64.Build.0 = Debug|Any CPU
		{40798E29-AF57-49E4-B94A-D3DBCCD1B4D9}.Debug|x86.ActiveCfg = Debug|Any CPU
		{40798E29-AF57-49E4-B94A-D3DBCCD1B4D9}.Debug|x86.Build.0 = Debug|Any CPU
		{40798E29-AF57-49E4-B94A-D3DBCCD1B4D9}.Release|Any CPU.ActiveCfg = Release|Any CPU
		{40798E29-AF57-49E4-B94A-D3DBCCD1B4D9}.Release|Any CPU.Build.0 = Release|Any CPU
		{40798E29-AF57-49E4-B94A-D3DBCCD1B4D9}.Release|x64.ActiveCfg = Release|Any CPU
		{40798E29-AF57-49E4-B94A-D3DBCCD1B4D9}.Release|x64.Build.0 = Release|Any CPU
		{40798E29-AF57-49E4-B94A-D3DBCCD1B4D9}.Release|x86.ActiveCfg = Release|Any CPU
		{40798E29-AF57-49E4-B94A-D3DBCCD1B4D9}.Release|x86.Build.0 = Release|Any CPU
		{5B7D2B67-C6B7-48E8-AD0C-FE1B5908D5DA}.Debug|Any CPU.ActiveCfg = Debug|Any CPU
		{5B7D2B67-C6B7-48E8-AD0C-FE1B5908D5DA}.Debug|Any CPU.Build.0 = Debug|Any CPU
		{5B7D2B67-C6B7-48E8-AD0C-FE1B5908D5DA}.Debug|x64.ActiveCfg = Debug|Any CPU
		{5B7D2B67-C6B7-48E8-AD0C-FE1B5908D5DA}.Debug|x64.Build.0 = Debug|Any CPU
		{5B7D2B67-C6B7-48E8-AD0C-FE1B5908D5DA}.Debug|x86.ActiveCfg = Debug|Any CPU
		{5B7D2B67-C6B7-48E8-AD0C-FE1B5908D5DA}.Debug|x86.Build.0 = Debug|Any CPU
		{5B7D2B67-C6B7-48E8-AD0C-FE1B5908D5DA}.Release|Any CPU.ActiveCfg = Release|Any CPU
		{5B7D2B67-C6B7-48E8-AD0C-FE1B5908D5DA}.Release|Any CPU.Build.0 = Release|Any CPU
		{5B7D2B67-C6B7-48E8-AD0C-FE1B5908D5DA}.Release|x64.ActiveCfg = Release|Any CPU
		{5B7D2B67-C6B7-48E8-AD0C-FE1B5908D5DA}.Release|x64.Build.0 = Release|Any CPU
		{5B7D2B67-C6B7-48E8-AD0C-FE1B5908D5DA}.Release|x86.ActiveCfg = Release|Any CPU
		{5B7D2B67-C6B7-48E8-AD0C-FE1B5908D5DA}.Release|x86.Build.0 = Release|Any CPU
		{A6207F31-EA01-4379-AC0C-575564143117}.Debug|Any CPU.ActiveCfg = Debug|Any CPU
		{A6207F31-EA01-4379-AC0C-575564143117}.Debug|Any CPU.Build.0 = Debug|Any CPU
		{A6207F31-EA01-4379-AC0C-575564143117}.Debug|x64.ActiveCfg = Debug|Any CPU
		{A6207F31-EA01-4379-AC0C-575564143117}.Debug|x64.Build.0 = Debug|Any CPU
		{A6207F31-EA01-4379-AC0C-575564143117}.Debug|x86.ActiveCfg = Debug|Any CPU
		{A6207F31-EA01-4379-AC0C-575564143117}.Debug|x86.Build.0 = Debug|Any CPU
		{A6207F31-EA01-4379-AC0C-575564143117}.Release|Any CPU.ActiveCfg = Release|Any CPU
		{A6207F31-EA01-4379-AC0C-575564143117}.Release|Any CPU.Build.0 = Release|Any CPU
		{A6207F31-EA01-4379-AC0C-575564143117}.Release|x64.ActiveCfg = Release|Any CPU
		{A6207F31-EA01-4379-AC0C-575564143117}.Release|x64.Build.0 = Release|Any CPU
		{A6207F31-EA01-4379-AC0C-575564143117}.Release|x86.ActiveCfg = Release|Any CPU
		{A6207F31-EA01-4379-AC0C-575564143117}.Release|x86.Build.0 = Release|Any CPU
		{0D63D18D-7444-4D6E-83E8-7C242CFAEB0F}.Debug|Any CPU.ActiveCfg = Debug|Any CPU
		{0D63D18D-7444-4D6E-83E8-7C242CFAEB0F}.Debug|Any CPU.Build.0 = Debug|Any CPU
		{0D63D18D-7444-4D6E-83E8-7C242CFAEB0F}.Debug|x64.ActiveCfg = Debug|Any CPU
		{0D63D18D-7444-4D6E-83E8-7C242CFAEB0F}.Debug|x64.Build.0 = Debug|Any CPU
		{0D63D18D-7444-4D6E-83E8-7C242CFAEB0F}.Debug|x86.ActiveCfg = Debug|Any CPU
		{0D63D18D-7444-4D6E-83E8-7C242CFAEB0F}.Debug|x86.Build.0 = Debug|Any CPU
		{0D63D18D-7444-4D6E-83E8-7C242CFAEB0F}.Release|Any CPU.ActiveCfg = Release|Any CPU
		{0D63D18D-7444-4D6E-83E8-7C242CFAEB0F}.Release|Any CPU.Build.0 = Release|Any CPU
		{0D63D18D-7444-4D6E-83E8-7C242CFAEB0F}.Release|x64.ActiveCfg = Release|Any CPU
		{0D63D18D-7444-4D6E-83E8-7C242CFAEB0F}.Release|x64.Build.0 = Release|Any CPU
		{0D63D18D-7444-4D6E-83E8-7C242CFAEB0F}.Release|x86.ActiveCfg = Release|Any CPU
		{0D63D18D-7444-4D6E-83E8-7C242CFAEB0F}.Release|x86.Build.0 = Release|Any CPU
		{F181FE75-5E33-4F8E-810F-6A486A16DD75}.Debug|Any CPU.ActiveCfg = Debug|Any CPU
		{F181FE75-5E33-4F8E-810F-6A486A16DD75}.Debug|Any CPU.Build.0 = Debug|Any CPU
		{F181FE75-5E33-4F8E-810F-6A486A16DD75}.Debug|x64.ActiveCfg = Debug|Any CPU
		{F181FE75-5E33-4F8E-810F-6A486A16DD75}.Debug|x64.Build.0 = Debug|Any CPU
		{F181FE75-5E33-4F8E-810F-6A486A16DD75}.Debug|x86.ActiveCfg = Debug|Any CPU
		{F181FE75-5E33-4F8E-810F-6A486A16DD75}.Debug|x86.Build.0 = Debug|Any CPU
		{F181FE75-5E33-4F8E-810F-6A486A16DD75}.Release|Any CPU.ActiveCfg = Release|Any CPU
		{F181FE75-5E33-4F8E-810F-6A486A16DD75}.Release|Any CPU.Build.0 = Release|Any CPU
		{F181FE75-5E33-4F8E-810F-6A486A16DD75}.Release|x64.ActiveCfg = Release|Any CPU
		{F181FE75-5E33-4F8E-810F-6A486A16DD75}.Release|x64.Build.0 = Release|Any CPU
		{F181FE75-5E33-4F8E-810F-6A486A16DD75}.Release|x86.ActiveCfg = Release|Any CPU
		{F181FE75-5E33-4F8E-810F-6A486A16DD75}.Release|x86.Build.0 = Release|Any CPU
		{F2B48C8C-8699-4008-8A88-46B7A04C3ADB}.Debug|Any CPU.ActiveCfg = Debug|Any CPU
		{F2B48C8C-8699-4008-8A88-46B7A04C3ADB}.Debug|Any CPU.Build.0 = Debug|Any CPU
		{F2B48C8C-8699-4008-8A88-46B7A04C3ADB}.Debug|x64.ActiveCfg = Debug|Any CPU
		{F2B48C8C-8699-4008-8A88-46B7A04C3ADB}.Debug|x64.Build.0 = Debug|Any CPU
		{F2B48C8C-8699-4008-8A88-46B7A04C3ADB}.Debug|x86.ActiveCfg = Debug|Any CPU
		{F2B48C8C-8699-4008-8A88-46B7A04C3ADB}.Debug|x86.Build.0 = Debug|Any CPU
		{F2B48C8C-8699-4008-8A88-46B7A04C3ADB}.Release|Any CPU.ActiveCfg = Release|Any CPU
		{F2B48C8C-8699-4008-8A88-46B7A04C3ADB}.Release|Any CPU.Build.0 = Release|Any CPU
		{F2B48C8C-8699-4008-8A88-46B7A04C3ADB}.Release|x64.ActiveCfg = Release|Any CPU
		{F2B48C8C-8699-4008-8A88-46B7A04C3ADB}.Release|x64.Build.0 = Release|Any CPU
		{F2B48C8C-8699-4008-8A88-46B7A04C3ADB}.Release|x86.ActiveCfg = Release|Any CPU
		{F2B48C8C-8699-4008-8A88-46B7A04C3ADB}.Release|x86.Build.0 = Release|Any CPU
		{04231D37-3E1E-4EB2-A438-A8C6FDADCFB6}.Debug|Any CPU.ActiveCfg = Debug|Any CPU
		{04231D37-3E1E-4EB2-A438-A8C6FDADCFB6}.Debug|Any CPU.Build.0 = Debug|Any CPU
		{04231D37-3E1E-4EB2-A438-A8C6FDADCFB6}.Debug|x64.ActiveCfg = Debug|Any CPU
		{04231D37-3E1E-4EB2-A438-A8C6FDADCFB6}.Debug|x64.Build.0 = Debug|Any CPU
		{04231D37-3E1E-4EB2-A438-A8C6FDADCFB6}.Debug|x86.ActiveCfg = Debug|Any CPU
		{04231D37-3E1E-4EB2-A438-A8C6FDADCFB6}.Debug|x86.Build.0 = Debug|Any CPU
		{04231D37-3E1E-4EB2-A438-A8C6FDADCFB6}.Release|Any CPU.ActiveCfg = Release|Any CPU
		{04231D37-3E1E-4EB2-A438-A8C6FDADCFB6}.Release|Any CPU.Build.0 = Release|Any CPU
		{04231D37-3E1E-4EB2-A438-A8C6FDADCFB6}.Release|x64.ActiveCfg = Release|Any CPU
		{04231D37-3E1E-4EB2-A438-A8C6FDADCFB6}.Release|x64.Build.0 = Release|Any CPU
		{04231D37-3E1E-4EB2-A438-A8C6FDADCFB6}.Release|x86.ActiveCfg = Release|Any CPU
		{04231D37-3E1E-4EB2-A438-A8C6FDADCFB6}.Release|x86.Build.0 = Release|Any CPU
		{925088DB-6B3B-45B9-B395-E45116414B6C}.Debug|Any CPU.ActiveCfg = Debug|Any CPU
		{925088DB-6B3B-45B9-B395-E45116414B6C}.Debug|Any CPU.Build.0 = Debug|Any CPU
		{925088DB-6B3B-45B9-B395-E45116414B6C}.Debug|x64.ActiveCfg = Debug|Any CPU
		{925088DB-6B3B-45B9-B395-E45116414B6C}.Debug|x64.Build.0 = Debug|Any CPU
		{925088DB-6B3B-45B9-B395-E45116414B6C}.Debug|x86.ActiveCfg = Debug|Any CPU
		{925088DB-6B3B-45B9-B395-E45116414B6C}.Debug|x86.Build.0 = Debug|Any CPU
		{925088DB-6B3B-45B9-B395-E45116414B6C}.Release|Any CPU.ActiveCfg = Release|Any CPU
		{925088DB-6B3B-45B9-B395-E45116414B6C}.Release|Any CPU.Build.0 = Release|Any CPU
		{925088DB-6B3B-45B9-B395-E45116414B6C}.Release|x64.ActiveCfg = Release|Any CPU
		{925088DB-6B3B-45B9-B395-E45116414B6C}.Release|x64.Build.0 = Release|Any CPU
		{925088DB-6B3B-45B9-B395-E45116414B6C}.Release|x86.ActiveCfg = Release|Any CPU
		{925088DB-6B3B-45B9-B395-E45116414B6C}.Release|x86.Build.0 = Release|Any CPU
		{FA8BDAC4-795C-42CB-94B0-B8F88F44DA58}.Debug|Any CPU.ActiveCfg = Debug|Any CPU
		{FA8BDAC4-795C-42CB-94B0-B8F88F44DA58}.Debug|Any CPU.Build.0 = Debug|Any CPU
		{FA8BDAC4-795C-42CB-94B0-B8F88F44DA58}.Debug|x64.ActiveCfg = Debug|Any CPU
		{FA8BDAC4-795C-42CB-94B0-B8F88F44DA58}.Debug|x64.Build.0 = Debug|Any CPU
		{FA8BDAC4-795C-42CB-94B0-B8F88F44DA58}.Debug|x86.ActiveCfg = Debug|Any CPU
		{FA8BDAC4-795C-42CB-94B0-B8F88F44DA58}.Debug|x86.Build.0 = Debug|Any CPU
		{FA8BDAC4-795C-42CB-94B0-B8F88F44DA58}.Release|Any CPU.ActiveCfg = Release|Any CPU
		{FA8BDAC4-795C-42CB-94B0-B8F88F44DA58}.Release|Any CPU.Build.0 = Release|Any CPU
		{FA8BDAC4-795C-42CB-94B0-B8F88F44DA58}.Release|x64.ActiveCfg = Release|Any CPU
		{FA8BDAC4-795C-42CB-94B0-B8F88F44DA58}.Release|x64.Build.0 = Release|Any CPU
		{FA8BDAC4-795C-42CB-94B0-B8F88F44DA58}.Release|x86.ActiveCfg = Release|Any CPU
		{FA8BDAC4-795C-42CB-94B0-B8F88F44DA58}.Release|x86.Build.0 = Release|Any CPU
		{54478C2B-B53B-40E9-904D-E811BA600EBE}.Debug|Any CPU.ActiveCfg = Debug|Any CPU
		{54478C2B-B53B-40E9-904D-E811BA600EBE}.Debug|Any CPU.Build.0 = Debug|Any CPU
		{54478C2B-B53B-40E9-904D-E811BA600EBE}.Debug|x64.ActiveCfg = Debug|Any CPU
		{54478C2B-B53B-40E9-904D-E811BA600EBE}.Debug|x64.Build.0 = Debug|Any CPU
		{54478C2B-B53B-40E9-904D-E811BA600EBE}.Debug|x86.ActiveCfg = Debug|Any CPU
		{54478C2B-B53B-40E9-904D-E811BA600EBE}.Debug|x86.Build.0 = Debug|Any CPU
		{54478C2B-B53B-40E9-904D-E811BA600EBE}.Release|Any CPU.ActiveCfg = Release|Any CPU
		{54478C2B-B53B-40E9-904D-E811BA600EBE}.Release|Any CPU.Build.0 = Release|Any CPU
		{54478C2B-B53B-40E9-904D-E811BA600EBE}.Release|x64.ActiveCfg = Release|Any CPU
		{54478C2B-B53B-40E9-904D-E811BA600EBE}.Release|x64.Build.0 = Release|Any CPU
		{54478C2B-B53B-40E9-904D-E811BA600EBE}.Release|x86.ActiveCfg = Release|Any CPU
		{54478C2B-B53B-40E9-904D-E811BA600EBE}.Release|x86.Build.0 = Release|Any CPU
		{CDEEE057-EDDE-49D9-91E7-DC1ABD22990C}.Debug|Any CPU.ActiveCfg = Debug|Any CPU
		{CDEEE057-EDDE-49D9-91E7-DC1ABD22990C}.Debug|Any CPU.Build.0 = Debug|Any CPU
		{CDEEE057-EDDE-49D9-91E7-DC1ABD22990C}.Debug|x64.ActiveCfg = Debug|Any CPU
		{CDEEE057-EDDE-49D9-91E7-DC1ABD22990C}.Debug|x64.Build.0 = Debug|Any CPU
		{CDEEE057-EDDE-49D9-91E7-DC1ABD22990C}.Debug|x86.ActiveCfg = Debug|Any CPU
		{CDEEE057-EDDE-49D9-91E7-DC1ABD22990C}.Debug|x86.Build.0 = Debug|Any CPU
		{CDEEE057-EDDE-49D9-91E7-DC1ABD22990C}.Release|Any CPU.ActiveCfg = Release|Any CPU
		{CDEEE057-EDDE-49D9-91E7-DC1ABD22990C}.Release|Any CPU.Build.0 = Release|Any CPU
		{CDEEE057-EDDE-49D9-91E7-DC1ABD22990C}.Release|x64.ActiveCfg = Release|Any CPU
		{CDEEE057-EDDE-49D9-91E7-DC1ABD22990C}.Release|x64.Build.0 = Release|Any CPU
		{CDEEE057-EDDE-49D9-91E7-DC1ABD22990C}.Release|x86.ActiveCfg = Release|Any CPU
		{CDEEE057-EDDE-49D9-91E7-DC1ABD22990C}.Release|x86.Build.0 = Release|Any CPU
		{0D453E16-D962-469C-B943-384F1A9CE59E}.Debug|Any CPU.ActiveCfg = Debug|Any CPU
		{0D453E16-D962-469C-B943-384F1A9CE59E}.Debug|Any CPU.Build.0 = Debug|Any CPU
		{0D453E16-D962-469C-B943-384F1A9CE59E}.Debug|x64.ActiveCfg = Debug|Any CPU
		{0D453E16-D962-469C-B943-384F1A9CE59E}.Debug|x64.Build.0 = Debug|Any CPU
		{0D453E16-D962-469C-B943-384F1A9CE59E}.Debug|x86.ActiveCfg = Debug|Any CPU
		{0D453E16-D962-469C-B943-384F1A9CE59E}.Debug|x86.Build.0 = Debug|Any CPU
		{0D453E16-D962-469C-B943-384F1A9CE59E}.Release|Any CPU.ActiveCfg = Release|Any CPU
		{0D453E16-D962-469C-B943-384F1A9CE59E}.Release|Any CPU.Build.0 = Release|Any CPU
		{0D453E16-D962-469C-B943-384F1A9CE59E}.Release|x64.ActiveCfg = Release|Any CPU
		{0D453E16-D962-469C-B943-384F1A9CE59E}.Release|x64.Build.0 = Release|Any CPU
		{0D453E16-D962-469C-B943-384F1A9CE59E}.Release|x86.ActiveCfg = Release|Any CPU
		{0D453E16-D962-469C-B943-384F1A9CE59E}.Release|x86.Build.0 = Release|Any CPU
		{D3889F9B-8022-409F-98A8-B19976DD75FA}.Debug|Any CPU.ActiveCfg = Debug|Any CPU
		{D3889F9B-8022-409F-98A8-B19976DD75FA}.Debug|Any CPU.Build.0 = Debug|Any CPU
		{D3889F9B-8022-409F-98A8-B19976DD75FA}.Debug|x64.ActiveCfg = Debug|Any CPU
		{D3889F9B-8022-409F-98A8-B19976DD75FA}.Debug|x64.Build.0 = Debug|Any CPU
		{D3889F9B-8022-409F-98A8-B19976DD75FA}.Debug|x86.ActiveCfg = Debug|Any CPU
		{D3889F9B-8022-409F-98A8-B19976DD75FA}.Debug|x86.Build.0 = Debug|Any CPU
		{D3889F9B-8022-409F-98A8-B19976DD75FA}.Release|Any CPU.ActiveCfg = Release|Any CPU
		{D3889F9B-8022-409F-98A8-B19976DD75FA}.Release|Any CPU.Build.0 = Release|Any CPU
		{D3889F9B-8022-409F-98A8-B19976DD75FA}.Release|x64.ActiveCfg = Release|Any CPU
		{D3889F9B-8022-409F-98A8-B19976DD75FA}.Release|x64.Build.0 = Release|Any CPU
		{D3889F9B-8022-409F-98A8-B19976DD75FA}.Release|x86.ActiveCfg = Release|Any CPU
		{D3889F9B-8022-409F-98A8-B19976DD75FA}.Release|x86.Build.0 = Release|Any CPU
	EndGlobalSection
EndGlobal
